
Microsoft Visual Studio Solution File, Format Version 12.00
# Visual Studio Version 16
VisualStudioVersion = 16.0.29319.158
MinimumVisualStudioVersion = 10.0.40219.1
Project("{9A19103F-16F7-4668-BE54-9A1E7A4F7556}") = "API", "API\API.csproj", "{FB861BDE-1845-4F3C-9C3D-829A0FA6732B}"
EndProject
Project("{00D1A9C2-B5F0-4AF3-8072-F6C62B433612}") = "Database", "Database\Database.sqlproj", "{937B40E4-77F1-4394-9899-F479AF138965}"
EndProject
Project("{FAE04EC0-301F-11D3-BF4B-00C04F79EFBC}") = "WebApplication", "WebApplication\WebApplication.csproj", "{D7B20B1C-76C3-4C79-93E7-67E14D8E705B}"
EndProject
Global
	GlobalSection(SolutionConfigurationPlatforms) = preSolution
		Debug|Any CPU = Debug|Any CPU
		Release|Any CPU = Release|Any CPU
	EndGlobalSection
	GlobalSection(ProjectConfigurationPlatforms) = postSolution
		{FB861BDE-1845-4F3C-9C3D-829A0FA6732B}.Debug|Any CPU.ActiveCfg = Debug|Any CPU
		{FB861BDE-1845-4F3C-9C3D-829A0FA6732B}.Debug|Any CPU.Build.0 = Debug|Any CPU
		{FB861BDE-1845-4F3C-9C3D-829A0FA6732B}.Release|Any CPU.ActiveCfg = Release|Any CPU
		{FB861BDE-1845-4F3C-9C3D-829A0FA6732B}.Release|Any CPU.Build.0 = Release|Any CPU
		{937B40E4-77F1-4394-9899-F479AF138965}.Debug|Any CPU.ActiveCfg = Debug|Any CPU
		{937B40E4-77F1-4394-9899-F479AF138965}.Debug|Any CPU.Build.0 = Debug|Any CPU
		{937B40E4-77F1-4394-9899-F479AF138965}.Debug|Any CPU.Deploy.0 = Debug|Any CPU
		{937B40E4-77F1-4394-9899-F479AF138965}.Release|Any CPU.ActiveCfg = Release|Any CPU
		{937B40E4-77F1-4394-9899-F479AF138965}.Release|Any CPU.Build.0 = Release|Any CPU
		{937B40E4-77F1-4394-9899-F479AF138965}.Release|Any CPU.Deploy.0 = Release|Any CPU
		{D7B20B1C-76C3-4C79-93E7-67E14D8E705B}.Debug|Any CPU.ActiveCfg = Debug|Any CPU
		{D7B20B1C-76C3-4C79-93E7-67E14D8E705B}.Debug|Any CPU.Build.0 = Debug|Any CPU
		{D7B20B1C-76C3-4C79-93E7-67E14D8E705B}.Release|Any CPU.ActiveCfg = Release|Any CPU
		{D7B20B1C-76C3-4C79-93E7-67E14D8E705B}.Release|Any CPU.Build.0 = Release|Any CPU
	EndGlobalSection
	GlobalSection(SolutionProperties) = preSolution
		HideSolutionNode = FALSE
	EndGlobalSection
	GlobalSection(ExtensibilityGlobals) = postSolution
		SolutionGuid = {759A92AB-EE63-4DF0-B8B6-F4A844A3A8D9}
	EndGlobalSection
EndGlobal
